
Microsoft Visual Studio Solution File, Format Version 12.00
# Visual Studio Version 17
VisualStudioVersion = 17.0.32112.339
MinimumVisualStudioVersion = 10.0.40219.1
Project("{FAE04EC0-301F-11D3-BF4B-00C04F79EFBC}") = "BlazorApp1", "BlazorApp1\BlazorApp1.csproj", "{08D82FEE-051A-4414-9915-5CA23FED3103}"
EndProject
Global
	GlobalSection(SolutionConfigurationPlatforms) = preSolution
		Debug|Any CPU = Debug|Any CPU
		Release|Any CPU = Release|Any CPU
	EndGlobalSection
	GlobalSection(ProjectConfigurationPlatforms) = postSolution
		{08D82FEE-051A-4414-9915-5CA23FED3103}.Debug|Any CPU.ActiveCfg = Debug|Any CPU
		{08D82FEE-051A-4414-9915-5CA23FED3103}.Debug|Any CPU.Build.0 = Debug|Any CPU
		{08D82FEE-051A-4414-9915-5CA23FED3103}.Release|Any CPU.ActiveCfg = Release|Any CPU
		{08D82FEE-051A-4414-9915-5CA23FED3103}.Release|Any CPU.Build.0 = Release|Any CPU
	EndGlobalSection
	GlobalSection(SolutionProperties) = preSolution
		HideSolutionNode = FALSE
	EndGlobalSection
	GlobalSection(ExtensibilityGlobals) = postSolution
		SolutionGuid = {D78948BC-2399-4D58-AFEE-730A08F66B30}
	EndGlobalSection
EndGlobal
